// !$*UTF8*$!
{
	archiveVersion = 1;
	classes = {
	};
	objectVersion = 48;
	objects = {

/* Begin PBXBuildFile section */
		236CC74C15870C00370DFA79 /* Pods_FireBaseandGeoFire.framework in Frameworks */ = {isa = PBXBuildFile; fileRef = BFD2C605981D19449008C2DD /* Pods_FireBaseandGeoFire.framework */; };
		4A37CCC51FB9C44C00D7A0A9 /* AppDelegate.swift in Sources */ = {isa = PBXBuildFile; fileRef = 4A37CCC41FB9C44C00D7A0A9 /* AppDelegate.swift */; };
		4A37CCC71FB9C44C00D7A0A9 /* ViewController.swift in Sources */ = {isa = PBXBuildFile; fileRef = 4A37CCC61FB9C44C00D7A0A9 /* ViewController.swift */; };
		4A37CCCA1FB9C44C00D7A0A9 /* Main.storyboard in Resources */ = {isa = PBXBuildFile; fileRef = 4A37CCC81FB9C44C00D7A0A9 /* Main.storyboard */; };
		4A37CCCC1FB9C44C00D7A0A9 /* Assets.xcassets in Resources */ = {isa = PBXBuildFile; fileRef = 4A37CCCB1FB9C44C00D7A0A9 /* Assets.xcassets */; };
		4A37CCCF1FB9C44C00D7A0A9 /* LaunchScreen.storyboard in Resources */ = {isa = PBXBuildFile; fileRef = 4A37CCCD1FB9C44C00D7A0A9 /* LaunchScreen.storyboard */; };
		4A37CCD91FB9CA6000D7A0A9 /* FirService.swift in Sources */ = {isa = PBXBuildFile; fileRef = 4A37CCD81FB9CA6000D7A0A9 /* FirService.swift */; };
/* End PBXBuildFile section */

/* Begin PBXFileReference section */
		4A37CCC11FB9C44C00D7A0A9 /* FireBaseandGeoFire.app */ = {isa = PBXFileReference; explicitFileType = wrapper.application; includeInIndex = 0; path = FireBaseandGeoFire.app; sourceTree = BUILT_PRODUCTS_DIR; };
		4A37CCC41FB9C44C00D7A0A9 /* AppDelegate.swift */ = {isa = PBXFileReference; lastKnownFileType = sourcecode.swift; path = AppDelegate.swift; sourceTree = "<group>"; };
		4A37CCC61FB9C44C00D7A0A9 /* ViewController.swift */ = {isa = PBXFileReference; lastKnownFileType = sourcecode.swift; path = ViewController.swift; sourceTree = "<group>"; };
		4A37CCC91FB9C44C00D7A0A9 /* Base */ = {isa = PBXFileReference; lastKnownFileType = file.storyboard; name = Base; path = Base.lproj/Main.storyboard; sourceTree = "<group>"; };
		4A37CCCB1FB9C44C00D7A0A9 /* Assets.xcassets */ = {isa = PBXFileReference; lastKnownFileType = folder.assetcatalog; path = Assets.xcassets; sourceTree = "<group>"; };
		4A37CCCE1FB9C44C00D7A0A9 /* Base */ = {isa = PBXFileReference; lastKnownFileType = file.storyboard; name = Base; path = Base.lproj/LaunchScreen.storyboard; sourceTree = "<group>"; };
		4A37CCD01FB9C44C00D7A0A9 /* Info.plist */ = {isa = PBXFileReference; lastKnownFileType = text.plist.xml; path = Info.plist; sourceTree = "<group>"; };
		4A37CCD81FB9CA6000D7A0A9 /* FirService.swift */ = {isa = PBXFileReference; fileEncoding = 4; lastKnownFileType = sourcecode.swift; path = FirService.swift; sourceTree = SOURCE_ROOT; };
		A8FCE15E6F595CBFA24F5606 /* Pods-FireBaseandGeoFire.release.xcconfig */ = {isa = PBXFileReference; includeInIndex = 1; lastKnownFileType = text.xcconfig; name = "Pods-FireBaseandGeoFire.release.xcconfig"; path = "Pods/Target Support Files/Pods-FireBaseandGeoFire/Pods-FireBaseandGeoFire.release.xcconfig"; sourceTree = "<group>"; };
		BFD2C605981D19449008C2DD /* Pods_FireBaseandGeoFire.framework */ = {isa = PBXFileReference; explicitFileType = wrapper.framework; includeInIndex = 0; path = Pods_FireBaseandGeoFire.framework; sourceTree = BUILT_PRODUCTS_DIR; };
		DE2339DFA375453F82C9CD24 /* Pods-FireBaseandGeoFire.debug.xcconfig */ = {isa = PBXFileReference; includeInIndex = 1; lastKnownFileType = text.xcconfig; name = "Pods-FireBaseandGeoFire.debug.xcconfig"; path = "Pods/Target Support Files/Pods-FireBaseandGeoFire/Pods-FireBaseandGeoFire.debug.xcconfig"; sourceTree = "<group>"; };
/* End PBXFileReference section */

/* Begin PBXFrameworksBuildPhase section */
		4A37CCBE1FB9C44C00D7A0A9 /* Frameworks */ = {
			isa = PBXFrameworksBuildPhase;
			buildActionMask = 2147483647;
			files = (
				236CC74C15870C00370DFA79 /* Pods_FireBaseandGeoFire.framework in Frameworks */,
			);
			runOnlyForDeploymentPostprocessing = 0;
		};
/* End PBXFrameworksBuildPhase section */

/* Begin PBXGroup section */
		4A37CCB81FB9C44C00D7A0A9 = {
			isa = PBXGroup;
			children = (
				4A37CCC31FB9C44C00D7A0A9 /* FireBaseandGeoFire */,
				4A37CCC21FB9C44C00D7A0A9 /* Products */,
				B315DDB8B4E30103826399F1 /* Pods */,
				CAC68F1BB974343F255118BE /* Frameworks */,
			);
			sourceTree = "<group>";
		};
		4A37CCC21FB9C44C00D7A0A9 /* Products */ = {
			isa = PBXGroup;
			children = (
				4A37CCC11FB9C44C00D7A0A9 /* FireBaseandGeoFire.app */,
			);
			name = Products;
			sourceTree = "<group>";
		};
		4A37CCC31FB9C44C00D7A0A9 /* FireBaseandGeoFire */ = {
			isa = PBXGroup;
			children = (
				4A37CCD81FB9CA6000D7A0A9 /* FirService.swift */,
				4A37CCC41FB9C44C00D7A0A9 /* AppDelegate.swift */,
				4A37CCC61FB9C44C00D7A0A9 /* ViewController.swift */,
				4A37CCC81FB9C44C00D7A0A9 /* Main.storyboard */,
				4A37CCCB1FB9C44C00D7A0A9 /* Assets.xcassets */,
				4A37CCCD1FB9C44C00D7A0A9 /* LaunchScreen.storyboard */,
				4A37CCD01FB9C44C00D7A0A9 /* Info.plist */,
			);
			path = FireBaseandGeoFire;
			sourceTree = "<group>";
		};
		B315DDB8B4E30103826399F1 /* Pods */ = {
			isa = PBXGroup;
			children = (
				DE2339DFA375453F82C9CD24 /* Pods-FireBaseandGeoFire.debug.xcconfig */,
				A8FCE15E6F595CBFA24F5606 /* Pods-FireBaseandGeoFire.release.xcconfig */,
			);
			name = Pods;
			sourceTree = "<group>";
		};
		CAC68F1BB974343F255118BE /* Frameworks */ = {
			isa = PBXGroup;
			children = (
				BFD2C605981D19449008C2DD /* Pods_FireBaseandGeoFire.framework */,
			);
			name = Frameworks;
			sourceTree = "<group>";
		};
/* End PBXGroup section */

/* Begin PBXNativeTarget section */
		4A37CCC01FB9C44C00D7A0A9 /* FireBaseandGeoFire */ = {
			isa = PBXNativeTarget;
			buildConfigurationList = 4A37CCD31FB9C44C00D7A0A9 /* Build configuration list for PBXNativeTarget "FireBaseandGeoFire" */;
			buildPhases = (
				53B19B16FC4C8AFEFC5D1C55 /* [CP] Check Pods Manifest.lock */,
				4A37CCBD1FB9C44C00D7A0A9 /* Sources */,
				4A37CCBE1FB9C44C00D7A0A9 /* Frameworks */,
				4A37CCBF1FB9C44C00D7A0A9 /* Resources */,
				5CE44C70F1F2830C41943597 /* [CP] Embed Pods Frameworks */,
				D18549373E292DF1EFCE69BE /* [CP] Copy Pods Resources */,
			);
			buildRules = (
			);
			dependencies = (
			);
			name = FireBaseandGeoFire;
			productName = FireBaseandGeoFire;
			productReference = 4A37CCC11FB9C44C00D7A0A9 /* FireBaseandGeoFire.app */;
			productType = "com.apple.product-type.application";
		};
/* End PBXNativeTarget section */

/* Begin PBXProject section */
		4A37CCB91FB9C44C00D7A0A9 /* Project object */ = {
			isa = PBXProject;
			attributes = {
				LastSwiftUpdateCheck = 0910;
				LastUpgradeCheck = 0910;
				ORGANIZATIONNAME = "josna lyju";
				TargetAttributes = {
					4A37CCC01FB9C44C00D7A0A9 = {
						CreatedOnToolsVersion = 9.1;
						ProvisioningStyle = Manual;
					};
				};
			};
			buildConfigurationList = 4A37CCBC1FB9C44C00D7A0A9 /* Build configuration list for PBXProject "FireBaseandGeoFire" */;
			compatibilityVersion = "Xcode 8.0";
			developmentRegion = en;
			hasScannedForEncodings = 0;
			knownRegions = (
				en,
				Base,
			);
			mainGroup = 4A37CCB81FB9C44C00D7A0A9;
			productRefGroup = 4A37CCC21FB9C44C00D7A0A9 /* Products */;
			projectDirPath = "";
			projectRoot = "";
			targets = (
				4A37CCC01FB9C44C00D7A0A9 /* FireBaseandGeoFire */,
			);
		};
/* End PBXProject section */

/* Begin PBXResourcesBuildPhase section */
		4A37CCBF1FB9C44C00D7A0A9 /* Resources */ = {
			isa = PBXResourcesBuildPhase;
			buildActionMask = 2147483647;
			files = (
				4A37CCCF1FB9C44C00D7A0A9 /* LaunchScreen.storyboard in Resources */,
				4A37CCCC1FB9C44C00D7A0A9 /* Assets.xcassets in Resources */,
				4A37CCCA1FB9C44C00D7A0A9 /* Main.storyboard in Resources */,
			);
			runOnlyForDeploymentPostprocessing = 0;
		};
/* End PBXResourcesBuildPhase section */

/* Begin PBXShellScriptBuildPhase section */
		53B19B16FC4C8AFEFC5D1C55 /* [CP] Check Pods Manifest.lock */ = {
			isa = PBXShellScriptBuildPhase;
			buildActionMask = 2147483647;
			files = (
			);
			inputPaths = (
				"${PODS_PODFILE_DIR_PATH}/Podfile.lock",
				"${PODS_ROOT}/Manifest.lock",
			);
			name = "[CP] Check Pods Manifest.lock";
			outputPaths = (
				"$(DERIVED_FILE_DIR)/Pods-FireBaseandGeoFire-checkManifestLockResult.txt",
			);
			runOnlyForDeploymentPostprocessing = 0;
			shellPath = /bin/sh;
			shellScript = "diff \"${PODS_PODFILE_DIR_PATH}/Podfile.lock\" \"${PODS_ROOT}/Manifest.lock\" > /dev/null\nif [ $? != 0 ] ; then\n    # print error to STDERR\n    echo \"error: The sandbox is not in sync with the Podfile.lock. Run 'pod install' or update your CocoaPods installation.\" >&2\n    exit 1\nfi\n# This output is used by Xcode 'outputs' to avoid re-running this script phase.\necho \"SUCCESS\" > \"${SCRIPT_OUTPUT_FILE_0}\"\n";
			showEnvVarsInLog = 0;
		};
		5CE44C70F1F2830C41943597 /* [CP] Embed Pods Frameworks */ = {
			isa = PBXShellScriptBuildPhase;
			buildActionMask = 2147483647;
			files = (
			);
			inputPaths = (
				"${SRCROOT}/Pods/Target Support Files/Pods-FireBaseandGeoFire/Pods-FireBaseandGeoFire-frameworks.sh",
				"${BUILT_PRODUCTS_DIR}/GTMSessionFetcher/GTMSessionFetcher.framework",
				"${BUILT_PRODUCTS_DIR}/GeoFire/GeoFire.framework",
				"${BUILT_PRODUCTS_DIR}/GoogleToolboxForMac/GoogleToolboxForMac.framework",
				"${BUILT_PRODUCTS_DIR}/leveldb-library/leveldb.framework",
				"${BUILT_PRODUCTS_DIR}/nanopb/nanopb.framework",
			);
			name = "[CP] Embed Pods Frameworks";
			outputPaths = (
				"${TARGET_BUILD_DIR}/${FRAMEWORKS_FOLDER_PATH}/GTMSessionFetcher.framework",
				"${TARGET_BUILD_DIR}/${FRAMEWORKS_FOLDER_PATH}/GeoFire.framework",
				"${TARGET_BUILD_DIR}/${FRAMEWORKS_FOLDER_PATH}/GoogleToolboxForMac.framework",
				"${TARGET_BUILD_DIR}/${FRAMEWORKS_FOLDER_PATH}/leveldb.framework",
				"${TARGET_BUILD_DIR}/${FRAMEWORKS_FOLDER_PATH}/nanopb.framework",
			);
			runOnlyForDeploymentPostprocessing = 0;
			shellPath = /bin/sh;
			shellScript = "\"${SRCROOT}/Pods/Target Support Files/Pods-FireBaseandGeoFire/Pods-FireBaseandGeoFire-frameworks.sh\"\n";
			showEnvVarsInLog = 0;
		};
		D18549373E292DF1EFCE69BE /* [CP] Copy Pods Resources */ = {
			isa = PBXShellScriptBuildPhase;
			buildActionMask = 2147483647;
			files = (
			);
			inputPaths = (
			);
			name = "[CP] Copy Pods Resources";
			outputPaths = (
			);
			runOnlyForDeploymentPostprocessing = 0;
			shellPath = /bin/sh;
			shellScript = "\"${SRCROOT}/Pods/Target Support Files/Pods-FireBaseandGeoFire/Pods-FireBaseandGeoFire-resources.sh\"\n";
			showEnvVarsInLog = 0;
		};
/* End PBXShellScriptBuildPhase section */

/* Begin PBXSourcesBuildPhase section */
		4A37CCBD1FB9C44C00D7A0A9 /* Sources */ = {
			isa = PBXSourcesBuildPhase;
			buildActionMask = 2147483647;
			files = (
				4A37CCD91FB9CA6000D7A0A9 /* FirService.swift in Sources */,
				4A37CCC71FB9C44C00D7A0A9 /* ViewController.swift in Sources */,
				4A37CCC51FB9C44C00D7A0A9 /* AppDelegate.swift in Sources */,
			);
			runOnlyForDeploymentPostprocessing = 0;
		};
/* End PBXSourcesBuildPhase section */

/* Begin PBXVariantGroup section */
		4A37CCC81FB9C44C00D7A0A9 /* Main.storyboard */ = {
			isa = PBXVariantGroup;
			children = (
				4A37CCC91FB9C44C00D7A0A9 /* Base */,
			);
			name = Main.storyboard;
			sourceTree = "<group>";
		};
		4A37CCCD1FB9C44C00D7A0A9 /* LaunchScreen.storyboard */ = {
			isa = PBXVariantGroup;
			children = (
				4A37CCCE1FB9C44C00D7A0A9 /* Base */,
			);
			name = LaunchScreen.storyboard;
			sourceTree = "<group>";
		};
/* End PBXVariantGroup section */

/* Begin XCBuildConfiguration section */
		4A37CCD11FB9C44C00D7A0A9 /* Debug */ = {
			isa = XCBuildConfiguration;
			buildSettings = {
				ALWAYS_SEARCH_USER_PATHS = NO;
				CLANG_ANALYZER_NONNULL = YES;
				CLANG_ANALYZER_NUMBER_OBJECT_CONVERSION = YES_AGGRESSIVE;
				CLANG_CXX_LANGUAGE_STANDARD = "gnu++14";
				CLANG_CXX_LIBRARY = "libc++";
				CLANG_ENABLE_MODULES = YES;
				CLANG_ENABLE_OBJC_ARC = YES;
				CLANG_WARN_BLOCK_CAPTURE_AUTORELEASING = YES;
				CLANG_WARN_BOOL_CONVERSION = YES;
				CLANG_WARN_COMMA = YES;
				CLANG_WARN_CONSTANT_CONVERSION = YES;
				CLANG_WARN_DIRECT_OBJC_ISA_USAGE = YES_ERROR;
				CLANG_WARN_DOCUMENTATION_COMMENTS = YES;
				CLANG_WARN_EMPTY_BODY = YES;
				CLANG_WARN_ENUM_CONVERSION = YES;
				CLANG_WARN_INFINITE_RECURSION = YES;
				CLANG_WARN_INT_CONVERSION = YES;
				CLANG_WARN_NON_LITERAL_NULL_CONVERSION = YES;
				CLANG_WARN_OBJC_LITERAL_CONVERSION = YES;
				CLANG_WARN_OBJC_ROOT_CLASS = YES_ERROR;
				CLANG_WARN_RANGE_LOOP_ANALYSIS = YES;
				CLANG_WARN_STRICT_PROTOTYPES = YES;
				CLANG_WARN_SUSPICIOUS_MOVE = YES;
				CLANG_WARN_UNGUARDED_AVAILABILITY = YES_AGGRESSIVE;
				CLANG_WARN_UNREACHABLE_CODE = YES;
				CLANG_WARN__DUPLICATE_METHOD_MATCH = YES;
				CODE_SIGN_IDENTITY = "iPhone Developer";
				COPY_PHASE_STRIP = NO;
				DEBUG_INFORMATION_FORMAT = dwarf;
				ENABLE_STRICT_OBJC_MSGSEND = YES;
				ENABLE_TESTABILITY = YES;
				GCC_C_LANGUAGE_STANDARD = gnu11;
				GCC_DYNAMIC_NO_PIC = NO;
				GCC_NO_COMMON_BLOCKS = YES;
				GCC_OPTIMIZATION_LEVEL = 0;
				GCC_PREPROCESSOR_DEFINITIONS = (
					"DEBUG=1",
					"$(inherited)",
				);
				GCC_WARN_64_TO_32_BIT_CONVERSION = YES;
				GCC_WARN_ABOUT_RETURN_TYPE = YES_ERROR;
				GCC_WARN_UNDECLARED_SELECTOR = YES;
				GCC_WARN_UNINITIALIZED_AUTOS = YES_AGGRESSIVE;
				GCC_WARN_UNUSED_FUNCTION = YES;
				GCC_WARN_UNUSED_VARIABLE = YES;
				IPHONEOS_DEPLOYMENT_TARGET = 11.1;
				MTL_ENABLE_DEBUG_INFO = YES;
				ONLY_ACTIVE_ARCH = YES;
				SDKROOT = iphoneos;
				SWIFT_ACTIVE_COMPILATION_CONDITIONS = DEBUG;
				SWIFT_OPTIMIZATION_LEVEL = "-Onone";
			};
			name = Debug;
		};
		4A37CCD21FB9C44C00D7A0A9 /* Release */ = {
			isa = XCBuildConfiguration;
			buildSettings = {
				ALWAYS_SEARCH_USER_PATHS = NO;
				CLANG_ANALYZER_NONNULL = YES;
				CLANG_ANALYZER_NUMBER_OBJECT_CONVERSION = YES_AGGRESSIVE;
				CLANG_CXX_LANGUAGE_STANDARD = "gnu++14";
				CLANG_CXX_LIBRARY = "libc++";
				CLANG_ENABLE_MODULES = YES;
				CLANG_ENABLE_OBJC_ARC = YES;
				CLANG_WARN_BLOCK_CAPTURE_AUTORELEASING = YES;
				CLANG_WARN_BOOL_CONVERSION = YES;
				CLANG_WARN_COMMA = YES;
				CLANG_WARN_CONSTANT_CONVERSION = YES;
				CLANG_WARN_DIRECT_OBJC_ISA_USAGE = YES_ERROR;
				CLANG_WARN_DOCUMENTATION_COMMENTS = YES;
				CLANG_WARN_EMPTY_BODY = YES;
				CLANG_WARN_ENUM_CONVERSION = YES;
				CLANG_WARN_INFINITE_RECURSION = YES;
				CLANG_WARN_INT_CONVERSION = YES;
				CLANG_WARN_NON_LITERAL_NULL_CONVERSION = YES;
				CLANG_WARN_OBJC_LITERAL_CONVERSION = YES;
				CLANG_WARN_OBJC_ROOT_CLASS = YES_ERROR;
				CLANG_WARN_RANGE_LOOP_ANALYSIS = YES;
				CLANG_WARN_STRICT_PROTOTYPES = YES;
				CLANG_WARN_SUSPICIOUS_MOVE = YES;
				CLANG_WARN_UNGUARDED_AVAILABILITY = YES_AGGRESSIVE;
				CLANG_WARN_UNREACHABLE_CODE = YES;
				CLANG_WARN__DUPLICATE_METHOD_MATCH = YES;
				CODE_SIGN_IDENTITY = "iPhone Developer";
				COPY_PHASE_STRIP = NO;
				DEBUG_INFORMATION_FORMAT = "dwarf-with-dsym";
				ENABLE_NS_ASSERTIONS = NO;
				ENABLE_STRICT_OBJC_MSGSEND = YES;
				GCC_C_LANGUAGE_STANDARD = gnu11;
				GCC_NO_COMMON_BLOCKS = YES;
				GCC_WARN_64_TO_32_BIT_CONVERSION = YES;
				GCC_WARN_ABOUT_RETURN_TYPE = YES_ERROR;
				GCC_WARN_UNDECLARED_SELECTOR = YES;
				GCC_WARN_UNINITIALIZED_AUTOS = YES_AGGRESSIVE;
				GCC_WARN_UNUSED_FUNCTION = YES;
				GCC_WARN_UNUSED_VARIABLE = YES;
				IPHONEOS_DEPLOYMENT_TARGET = 11.1;
				MTL_ENABLE_DEBUG_INFO = NO;
				SDKROOT = iphoneos;
				SWIFT_OPTIMIZATION_LEVEL = "-Owholemodule";
				VALIDATE_PRODUCT = YES;
			};
			name = Release;
		};
		4A37CCD41FB9C44C00D7A0A9 /* Debug */ = {
			isa = XCBuildConfiguration;
			baseConfigurationReference = DE2339DFA375453F82C9CD24 /* Pods-FireBaseandGeoFire.debug.xcconfig */;
			buildSettings = {
				ASSETCATALOG_COMPILER_APPICON_NAME = AppIcon;
				CODE_SIGN_STYLE = Manual;
				DEVELOPMENT_TEAM = "";
				INFOPLIST_FILE = FireBaseandGeoFire/Info.plist;
				LD_RUNPATH_SEARCH_PATHS = "$(inherited) @executable_path/Frameworks";
				PRODUCT_BUNDLE_IDENTIFIER = sample.FireBaseandGeoFire;
				PRODUCT_NAME = "$(TARGET_NAME)";
				PROVISIONING_PROFILE_SPECIFIER = "";
				SWIFT_VERSION = 4.0;
				TARGETED_DEVICE_FAMILY = "1,2";
			};
			name = Debug;
		};
		4A37CCD51FB9C44C00D7A0A9 /* Release */ = {
			isa = XCBuildConfiguration;
			baseConfigurationReference = A8FCE15E6F595CBFA24F5606 /* Pods-FireBaseandGeoFire.release.xcconfig */;
			buildSettings = {
				ASSETCATALOG_COMPILER_APPICON_NAME = AppIcon;
				CODE_SIGN_STYLE = Manual;
				DEVELOPMENT_TEAM = "";
				INFOPLIST_FILE = FireBaseandGeoFire/Info.plist;
				LD_RUNPATH_SEARCH_PATHS = "$(inherited) @executable_path/Frameworks";
				PRODUCT_BUNDLE_IDENTIFIER = sample.FireBaseandGeoFire;
				PRODUCT_NAME = "$(TARGET_NAME)";
				PROVISIONING_PROFILE_SPECIFIER = "";
				SWIFT_VERSION = 4.0;
				TARGETED_DEVICE_FAMILY = "1,2";
			};
			name = Release;
		};
/* End XCBuildConfiguration section */

/* Begin XCConfigurationList section */
		4A37CCBC1FB9C44C00D7A0A9 /* Build configuration list for PBXProject "FireBaseandGeoFire" */ = {
			isa = XCConfigurationList;
			buildConfigurations = (
				4A37CCD11FB9C44C00D7A0A9 /* Debug */,
				4A37CCD21FB9C44C00D7A0A9 /* Release */,
			);
			defaultConfigurationIsVisible = 0;
			defaultConfigurationName = Release;
		};
		4A37CCD31FB9C44C00D7A0A9 /* Build configuration list for PBXNativeTarget "FireBaseandGeoFire" */ = {
			isa = XCConfigurationList;
			buildConfigurations = (
				4A37CCD41FB9C44C00D7A0A9 /* Debug */,
				4A37CCD51FB9C44C00D7A0A9 /* Release */,
			);
			defaultConfigurationIsVisible = 0;
			defaultConfigurationName = Release;
		};
/* End XCConfigurationList section */
	};
	rootObject = 4A37CCB91FB9C44C00D7A0A9 /* Project object */;
}
